
Microsoft Visual Studio Solution File, Format Version 12.00
# Visual Studio Version 16
VisualStudioVersion = 16.0.31424.327
MinimumVisualStudioVersion = 10.0.40219.1
Project("{FAE04EC0-301F-11D3-BF4B-00C04F79EFBC}") = "WindowsFormsApp1", "WindowsFormsApp1\WindowsFormsApp1.csproj", "{054DDF51-0BC1-4B9D-B8F2-284F82D90B90}"
EndProject
Global
	GlobalSection(SolutionConfigurationPlatforms) = preSolution
		Debug|Any CPU = Debug|Any CPU
		Release|Any CPU = Release|Any CPU
	EndGlobalSection
	GlobalSection(ProjectConfigurationPlatforms) = postSolution
		{054DDF51-0BC1-4B9D-B8F2-284F82D90B90}.Debug|Any CPU.ActiveCfg = Debug|Any CPU
		{054DDF51-0BC1-4B9D-B8F2-284F82D90B90}.Debug|Any CPU.Build.0 = Debug|Any CPU
		{054DDF51-0BC1-4B9D-B8F2-284F82D90B90}.Release|Any CPU.ActiveCfg = Release|Any CPU
		{054DDF51-0BC1-4B9D-B8F2-284F82D90B90}.Release|Any CPU.Build.0 = Release|Any CPU
	EndGlobalSection
	GlobalSection(SolutionProperties) = preSolution
		HideSolutionNode = FALSE
	EndGlobalSection
	GlobalSection(ExtensibilityGlobals) = postSolution
		SolutionGuid = {0471F929-CC7D-45F7-A16F-0F2DC7E6FB48}
	EndGlobalSection
EndGlobal
