
Microsoft Visual Studio Solution File, Format Version 12.00
# Visual Studio Version 16
VisualStudioVersion = 16.0.31424.327
MinimumVisualStudioVersion = 10.0.40219.1
Project("{FAE04EC0-301F-11D3-BF4B-00C04F79EFBC}") = "ConsoleApp1", "ConsoleApp1\ConsoleApp1.csproj", "{E21CC125-3BEF-4A2A-9FB3-53EEB52AEE9F}"
EndProject
Global
	GlobalSection(SolutionConfigurationPlatforms) = preSolution
		Debug|Any CPU = Debug|Any CPU
		Release|Any CPU = Release|Any CPU
	EndGlobalSection
	GlobalSection(ProjectConfigurationPlatforms) = postSolution
		{E21CC125-3BEF-4A2A-9FB3-53EEB52AEE9F}.Debug|Any CPU.ActiveCfg = Debug|Any CPU
		{E21CC125-3BEF-4A2A-9FB3-53EEB52AEE9F}.Debug|Any CPU.Build.0 = Debug|Any CPU
		{E21CC125-3BEF-4A2A-9FB3-53EEB52AEE9F}.Release|Any CPU.ActiveCfg = Release|Any CPU
		{E21CC125-3BEF-4A2A-9FB3-53EEB52AEE9F}.Release|Any CPU.Build.0 = Release|Any CPU
	EndGlobalSection
	GlobalSection(SolutionProperties) = preSolution
		HideSolutionNode = FALSE
	EndGlobalSection
	GlobalSection(ExtensibilityGlobals) = postSolution
		SolutionGuid = {4BEE98B2-5518-4BEA-A614-4A47138D627D}
	EndGlobalSection
EndGlobal
